// !$*UTF8*$!
{
	archiveVersion = 1;
	classes = {
	};
	objectVersion = 56;
	objects = {

/* Begin PBXBuildFile section */
		E9FBC6C62C859AB900138A24 /* SwiftUI_PracticeApp.swift in Sources */ = {isa = PBXBuildFile; fileRef = E9FBC6C52C859AB900138A24 /* SwiftUI_PracticeApp.swift */; };
		E9FBC6C82C859AB900138A24 /* ContentView.swift in Sources */ = {isa = PBXBuildFile; fileRef = E9FBC6C72C859AB900138A24 /* ContentView.swift */; };
		E9FBC6CA2C859ABB00138A24 /* Assets.xcassets in Resources */ = {isa = PBXBuildFile; fileRef = E9FBC6C92C859ABB00138A24 /* Assets.xcassets */; };
		E9FBC6CD2C859ABB00138A24 /* Preview Assets.xcassets in Resources */ = {isa = PBXBuildFile; fileRef = E9FBC6CC2C859ABB00138A24 /* Preview Assets.xcassets */; };
		E9FBC6D72C859ABB00138A24 /* SwiftUI_PracticeTests.swift in Sources */ = {isa = PBXBuildFile; fileRef = E9FBC6D62C859ABB00138A24 /* SwiftUI_PracticeTests.swift */; };
		E9FBC6E12C859ABB00138A24 /* SwiftUI_PracticeUITests.swift in Sources */ = {isa = PBXBuildFile; fileRef = E9FBC6E02C859ABB00138A24 /* SwiftUI_PracticeUITests.swift */; };
		E9FBC6E32C859ABB00138A24 /* SwiftUI_PracticeUITestsLaunchTests.swift in Sources */ = {isa = PBXBuildFile; fileRef = E9FBC6E22C859ABB00138A24 /* SwiftUI_PracticeUITestsLaunchTests.swift */; };
		E9FBC6F02C85A4C700138A24 /* CircleImage.swift in Sources */ = {isa = PBXBuildFile; fileRef = E9FBC6EF2C85A4C700138A24 /* CircleImage.swift */; };
		E9FBC6F22C85A59900138A24 /* MapView.swift in Sources */ = {isa = PBXBuildFile; fileRef = E9FBC6F12C85A59900138A24 /* MapView.swift */; };
/* End PBXBuildFile section */

/* Begin PBXContainerItemProxy section */
		E9FBC6D32C859ABB00138A24 /* PBXContainerItemProxy */ = {
			isa = PBXContainerItemProxy;
			containerPortal = E9FBC6BA2C859AB900138A24 /* Project object */;
			proxyType = 1;
			remoteGlobalIDString = E9FBC6C12C859AB900138A24;
			remoteInfo = SwiftUI_Practice;
		};
		E9FBC6DD2C859ABB00138A24 /* PBXContainerItemProxy */ = {
			isa = PBXContainerItemProxy;
			containerPortal = E9FBC6BA2C859AB900138A24 /* Project object */;
			proxyType = 1;
			remoteGlobalIDString = E9FBC6C12C859AB900138A24;
			remoteInfo = SwiftUI_Practice;
		};
/* End PBXContainerItemProxy section */

/* Begin PBXFileReference section */
		E9FBC6C22C859AB900138A24 /* SwiftUI_Practice.app */ = {isa = PBXFileReference; explicitFileType = wrapper.application; includeInIndex = 0; path = SwiftUI_Practice.app; sourceTree = BUILT_PRODUCTS_DIR; };
		E9FBC6C52C859AB900138A24 /* SwiftUI_PracticeApp.swift */ = {isa = PBXFileReference; lastKnownFileType = sourcecode.swift; path = SwiftUI_PracticeApp.swift; sourceTree = "<group>"; };
		E9FBC6C72C859AB900138A24 /* ContentView.swift */ = {isa = PBXFileReference; lastKnownFileType = sourcecode.swift; path = ContentView.swift; sourceTree = "<group>"; };
		E9FBC6C92C859ABB00138A24 /* Assets.xcassets */ = {isa = PBXFileReference; lastKnownFileType = folder.assetcatalog; path = Assets.xcassets; sourceTree = "<group>"; };
		E9FBC6CC2C859ABB00138A24 /* Preview Assets.xcassets */ = {isa = PBXFileReference; lastKnownFileType = folder.assetcatalog; path = "Preview Assets.xcassets"; sourceTree = "<group>"; };
		E9FBC6D22C859ABB00138A24 /* SwiftUI_PracticeTests.xctest */ = {isa = PBXFileReference; explicitFileType = wrapper.cfbundle; includeInIndex = 0; path = SwiftUI_PracticeTests.xctest; sourceTree = BUILT_PRODUCTS_DIR; };
		E9FBC6D62C859ABB00138A24 /* SwiftUI_PracticeTests.swift */ = {isa = PBXFileReference; lastKnownFileType = sourcecode.swift; path = SwiftUI_PracticeTests.swift; sourceTree = "<group>"; };
		E9FBC6DC2C859ABB00138A24 /* SwiftUI_PracticeUITests.xctest */ = {isa = PBXFileReference; explicitFileType = wrapper.cfbundle; includeInIndex = 0; path = SwiftUI_PracticeUITests.xctest; sourceTree = BUILT_PRODUCTS_DIR; };
		E9FBC6E02C859ABB00138A24 /* SwiftUI_PracticeUITests.swift */ = {isa = PBXFileReference; lastKnownFileType = sourcecode.swift; path = SwiftUI_PracticeUITests.swift; sourceTree = "<group>"; };
		E9FBC6E22C859ABB00138A24 /* SwiftUI_PracticeUITestsLaunchTests.swift */ = {isa = PBXFileReference; lastKnownFileType = sourcecode.swift; path = SwiftUI_PracticeUITestsLaunchTests.swift; sourceTree = "<group>"; };
		E9FBC6EF2C85A4C700138A24 /* CircleImage.swift */ = {isa = PBXFileReference; lastKnownFileType = sourcecode.swift; path = CircleImage.swift; sourceTree = "<group>"; };
		E9FBC6F12C85A59900138A24 /* MapView.swift */ = {isa = PBXFileReference; lastKnownFileType = sourcecode.swift; path = MapView.swift; sourceTree = "<group>"; };
/* End PBXFileReference section */

/* Begin PBXFrameworksBuildPhase section */
		E9FBC6BF2C859AB900138A24 /* Frameworks */ = {
			isa = PBXFrameworksBuildPhase;
			buildActionMask = 2147483647;
			files = (
			);
			runOnlyForDeploymentPostprocessing = 0;
		};
		E9FBC6CF2C859ABB00138A24 /* Frameworks */ = {
			isa = PBXFrameworksBuildPhase;
			buildActionMask = 2147483647;
			files = (
			);
			runOnlyForDeploymentPostprocessing = 0;
		};
		E9FBC6D92C859ABB00138A24 /* Frameworks */ = {
			isa = PBXFrameworksBuildPhase;
			buildActionMask = 2147483647;
			files = (
			);
			runOnlyForDeploymentPostprocessing = 0;
		};
/* End PBXFrameworksBuildPhase section */

/* Begin PBXGroup section */
		E9FBC6B92C859AB900138A24 = {
			isa = PBXGroup;
			children = (
				E9FBC6C42C859AB900138A24 /* SwiftUI_Practice */,
				E9FBC6D52C859ABB00138A24 /* SwiftUI_PracticeTests */,
				E9FBC6DF2C859ABB00138A24 /* SwiftUI_PracticeUITests */,
				E9FBC6C32C859AB900138A24 /* Products */,
			);
			sourceTree = "<group>";
		};
		E9FBC6C32C859AB900138A24 /* Products */ = {
			isa = PBXGroup;
			children = (
				E9FBC6C22C859AB900138A24 /* SwiftUI_Practice.app */,
				E9FBC6D22C859ABB00138A24 /* SwiftUI_PracticeTests.xctest */,
				E9FBC6DC2C859ABB00138A24 /* SwiftUI_PracticeUITests.xctest */,
			);
			name = Products;
			sourceTree = "<group>";
		};
		E9FBC6C42C859AB900138A24 /* SwiftUI_Practice */ = {
			isa = PBXGroup;
			children = (
				E9FBC6C52C859AB900138A24 /* SwiftUI_PracticeApp.swift */,
				E9FBC6C72C859AB900138A24 /* ContentView.swift */,
				E9FBC6C92C859ABB00138A24 /* Assets.xcassets */,
				E9FBC6EF2C85A4C700138A24 /* CircleImage.swift */,
				E9FBC6CB2C859ABB00138A24 /* Preview Content */,
				E9FBC6F12C85A59900138A24 /* MapView.swift */,
			);
			path = SwiftUI_Practice;
			sourceTree = "<group>";
		};
		E9FBC6CB2C859ABB00138A24 /* Preview Content */ = {
			isa = PBXGroup;
			children = (
				E9FBC6CC2C859ABB00138A24 /* Preview Assets.xcassets */,
			);
			path = "Preview Content";
			sourceTree = "<group>";
		};
		E9FBC6D52C859ABB00138A24 /* SwiftUI_PracticeTests */ = {
			isa = PBXGroup;
			children = (
				E9FBC6D62C859ABB00138A24 /* SwiftUI_PracticeTests.swift */,
			);
			path = SwiftUI_PracticeTests;
			sourceTree = "<group>";
		};
		E9FBC6DF2C859ABB00138A24 /* SwiftUI_PracticeUITests */ = {
			isa = PBXGroup;
			children = (
				E9FBC6E02C859ABB00138A24 /* SwiftUI_PracticeUITests.swift */,
				E9FBC6E22C859ABB00138A24 /* SwiftUI_PracticeUITestsLaunchTests.swift */,
			);
			path = SwiftUI_PracticeUITests;
			sourceTree = "<group>";
		};
/* End PBXGroup section */

/* Begin PBXNativeTarget section */
		E9FBC6C12C859AB900138A24 /* SwiftUI_Practice */ = {
			isa = PBXNativeTarget;
			buildConfigurationList = E9FBC6E62C859ABB00138A24 /* Build configuration list for PBXNativeTarget "SwiftUI_Practice" */;
			buildPhases = (
				E9FBC6BE2C859AB900138A24 /* Sources */,
				E9FBC6BF2C859AB900138A24 /* Frameworks */,
				E9FBC6C02C859AB900138A24 /* Resources */,
			);
			buildRules = (
			);
			dependencies = (
			);
			name = SwiftUI_Practice;
			productName = SwiftUI_Practice;
			productReference = E9FBC6C22C859AB900138A24 /* SwiftUI_Practice.app */;
			productType = "com.apple.product-type.application";
		};
		E9FBC6D12C859ABB00138A24 /* SwiftUI_PracticeTests */ = {
			isa = PBXNativeTarget;
			buildConfigurationList = E9FBC6E92C859ABB00138A24 /* Build configuration list for PBXNativeTarget "SwiftUI_PracticeTests" */;
			buildPhases = (
				E9FBC6CE2C859ABB00138A24 /* Sources */,
				E9FBC6CF2C859ABB00138A24 /* Frameworks */,
				E9FBC6D02C859ABB00138A24 /* Resources */,
			);
			buildRules = (
			);
			dependencies = (
				E9FBC6D42C859ABB00138A24 /* PBXTargetDependency */,
			);
			name = SwiftUI_PracticeTests;
			productName = SwiftUI_PracticeTests;
			productReference = E9FBC6D22C859ABB00138A24 /* SwiftUI_PracticeTests.xctest */;
			productType = "com.apple.product-type.bundle.unit-test";
		};
		E9FBC6DB2C859ABB00138A24 /* SwiftUI_PracticeUITests */ = {
			isa = PBXNativeTarget;
			buildConfigurationList = E9FBC6EC2C859ABB00138A24 /* Build configuration list for PBXNativeTarget "SwiftUI_PracticeUITests" */;
			buildPhases = (
				E9FBC6D82C859ABB00138A24 /* Sources */,
				E9FBC6D92C859ABB00138A24 /* Frameworks */,
				E9FBC6DA2C859ABB00138A24 /* Resources */,
			);
			buildRules = (
			);
			dependencies = (
				E9FBC6DE2C859ABB00138A24 /* PBXTargetDependency */,
			);
			name = SwiftUI_PracticeUITests;
			productName = SwiftUI_PracticeUITests;
			productReference = E9FBC6DC2C859ABB00138A24 /* SwiftUI_PracticeUITests.xctest */;
			productType = "com.apple.product-type.bundle.ui-testing";
		};
/* End PBXNativeTarget section */

/* Begin PBXProject section */
		E9FBC6BA2C859AB900138A24 /* Project object */ = {
			isa = PBXProject;
			attributes = {
				BuildIndependentTargetsInParallel = 1;
				LastSwiftUpdateCheck = 1520;
				LastUpgradeCheck = 1520;
				TargetAttributes = {
					E9FBC6C12C859AB900138A24 = {
						CreatedOnToolsVersion = 15.2;
					};
					E9FBC6D12C859ABB00138A24 = {
						CreatedOnToolsVersion = 15.2;
						TestTargetID = E9FBC6C12C859AB900138A24;
					};
					E9FBC6DB2C859ABB00138A24 = {
						CreatedOnToolsVersion = 15.2;
						TestTargetID = E9FBC6C12C859AB900138A24;
					};
				};
			};
			buildConfigurationList = E9FBC6BD2C859AB900138A24 /* Build configuration list for PBXProject "SwiftUI_Practice" */;
			compatibilityVersion = "Xcode 14.0";
			developmentRegion = en;
			hasScannedForEncodings = 0;
			knownRegions = (
				en,
				Base,
			);
			mainGroup = E9FBC6B92C859AB900138A24;
			productRefGroup = E9FBC6C32C859AB900138A24 /* Products */;
			projectDirPath = "";
			projectRoot = "";
			targets = (
				E9FBC6C12C859AB900138A24 /* SwiftUI_Practice */,
				E9FBC6D12C859ABB00138A24 /* SwiftUI_PracticeTests */,
				E9FBC6DB2C859ABB00138A24 /* SwiftUI_PracticeUITests */,
			);
		};
/* End PBXProject section */

/* Begin PBXResourcesBuildPhase section */
		E9FBC6C02C859AB900138A24 /* Resources */ = {
			isa = PBXResourcesBuildPhase;
			buildActionMask = 2147483647;
			files = (
				E9FBC6CD2C859ABB00138A24 /* Preview Assets.xcassets in Resources */,
				E9FBC6CA2C859ABB00138A24 /* Assets.xcassets in Resources */,
			);
			runOnlyForDeploymentPostprocessing = 0;
		};
		E9FBC6D02C859ABB00138A24 /* Resources */ = {
			isa = PBXResourcesBuildPhase;
			buildActionMask = 2147483647;
			files = (
			);
			runOnlyForDeploymentPostprocessing = 0;
		};
		E9FBC6DA2C859ABB00138A24 /* Resources */ = {
			isa = PBXResourcesBuildPhase;
			buildActionMask = 2147483647;
			files = (
			);
			runOnlyForDeploymentPostprocessing = 0;
		};
/* End PBXResourcesBuildPhase section */

/* Begin PBXSourcesBuildPhase section */
		E9FBC6BE2C859AB900138A24 /* Sources */ = {
			isa = PBXSourcesBuildPhase;
			buildActionMask = 2147483647;
			files = (
				E9FBC6C82C859AB900138A24 /* ContentView.swift in Sources */,
				E9FBC6F22C85A59900138A24 /* MapView.swift in Sources */,
				E9FBC6C62C859AB900138A24 /* SwiftUI_PracticeApp.swift in Sources */,
				E9FBC6F02C85A4C700138A24 /* CircleImage.swift in Sources */,
			);
			runOnlyForDeploymentPostprocessing = 0;
		};
		E9FBC6CE2C859ABB00138A24 /* Sources */ = {
			isa = PBXSourcesBuildPhase;
			buildActionMask = 2147483647;
			files = (
				E9FBC6D72C859ABB00138A24 /* SwiftUI_PracticeTests.swift in Sources */,
			);
			runOnlyForDeploymentPostprocessing = 0;
		};
		E9FBC6D82C859ABB00138A24 /* Sources */ = {
			isa = PBXSourcesBuildPhase;
			buildActionMask = 2147483647;
			files = (
				E9FBC6E12C859ABB00138A24 /* SwiftUI_PracticeUITests.swift in Sources */,
				E9FBC6E32C859ABB00138A24 /* SwiftUI_PracticeUITestsLaunchTests.swift in Sources */,
			);
			runOnlyForDeploymentPostprocessing = 0;
		};
/* End PBXSourcesBuildPhase section */

/* Begin PBXTargetDependency section */
		E9FBC6D42C859ABB00138A24 /* PBXTargetDependency */ = {
			isa = PBXTargetDependency;
			target = E9FBC6C12C859AB900138A24 /* SwiftUI_Practice */;
			targetProxy = E9FBC6D32C859ABB00138A24 /* PBXContainerItemProxy */;
		};
		E9FBC6DE2C859ABB00138A24 /* PBXTargetDependency */ = {
			isa = PBXTargetDependency;
			target = E9FBC6C12C859AB900138A24 /* SwiftUI_Practice */;
			targetProxy = E9FBC6DD2C859ABB00138A24 /* PBXContainerItemProxy */;
		};
/* End PBXTargetDependency section */

/* Begin XCBuildConfiguration section */
		E9FBC6E42C859ABB00138A24 /* Debug */ = {
			isa = XCBuildConfiguration;
			buildSettings = {
				ALWAYS_SEARCH_USER_PATHS = NO;
				ASSETCATALOG_COMPILER_GENERATE_SWIFT_ASSET_SYMBOL_EXTENSIONS = YES;
				CLANG_ANALYZER_NONNULL = YES;
				CLANG_ANALYZER_NUMBER_OBJECT_CONVERSION = YES_AGGRESSIVE;
				CLANG_CXX_LANGUAGE_STANDARD = "gnu++20";
				CLANG_ENABLE_MODULES = YES;
				CLANG_ENABLE_OBJC_ARC = YES;
				CLANG_ENABLE_OBJC_WEAK = YES;
				CLANG_WARN_BLOCK_CAPTURE_AUTORELEASING = YES;
				CLANG_WARN_BOOL_CONVERSION = YES;
				CLANG_WARN_COMMA = YES;
				CLANG_WARN_CONSTANT_CONVERSION = YES;
				CLANG_WARN_DEPRECATED_OBJC_IMPLEMENTATIONS = YES;
				CLANG_WARN_DIRECT_OBJC_ISA_USAGE = YES_ERROR;
				CLANG_WARN_DOCUMENTATION_COMMENTS = YES;
				CLANG_WARN_EMPTY_BODY = YES;
				CLANG_WARN_ENUM_CONVERSION = YES;
				CLANG_WARN_INFINITE_RECURSION = YES;
				CLANG_WARN_INT_CONVERSION = YES;
				CLANG_WARN_NON_LITERAL_NULL_CONVERSION = YES;
				CLANG_WARN_OBJC_IMPLICIT_RETAIN_SELF = YES;
				CLANG_WARN_OBJC_LITERAL_CONVERSION = YES;
				CLANG_WARN_OBJC_ROOT_CLASS = YES_ERROR;
				CLANG_WARN_QUOTED_INCLUDE_IN_FRAMEWORK_HEADER = YES;
				CLANG_WARN_RANGE_LOOP_ANALYSIS = YES;
				CLANG_WARN_STRICT_PROTOTYPES = YES;
				CLANG_WARN_SUSPICIOUS_MOVE = YES;
				CLANG_WARN_UNGUARDED_AVAILABILITY = YES_AGGRESSIVE;
				CLANG_WARN_UNREACHABLE_CODE = YES;
				CLANG_WARN__DUPLICATE_METHOD_MATCH = YES;
				COPY_PHASE_STRIP = NO;
				DEBUG_INFORMATION_FORMAT = dwarf;
				ENABLE_STRICT_OBJC_MSGSEND = YES;
				ENABLE_TESTABILITY = YES;
				ENABLE_USER_SCRIPT_SANDBOXING = YES;
				GCC_C_LANGUAGE_STANDARD = gnu17;
				GCC_DYNAMIC_NO_PIC = NO;
				GCC_NO_COMMON_BLOCKS = YES;
				GCC_OPTIMIZATION_LEVEL = 0;
				GCC_PREPROCESSOR_DEFINITIONS = (
					"DEBUG=1",
					"$(inherited)",
				);
				GCC_WARN_64_TO_32_BIT_CONVERSION = YES;
				GCC_WARN_ABOUT_RETURN_TYPE = YES_ERROR;
				GCC_WARN_UNDECLARED_SELECTOR = YES;
				GCC_WARN_UNINITIALIZED_AUTOS = YES_AGGRESSIVE;
				GCC_WARN_UNUSED_FUNCTION = YES;
				GCC_WARN_UNUSED_VARIABLE = YES;
				IPHONEOS_DEPLOYMENT_TARGET = 17.2;
				LOCALIZATION_PREFERS_STRING_CATALOGS = YES;
				MTL_ENABLE_DEBUG_INFO = INCLUDE_SOURCE;
				MTL_FAST_MATH = YES;
				ONLY_ACTIVE_ARCH = YES;
				SDKROOT = iphoneos;
				SWIFT_ACTIVE_COMPILATION_CONDITIONS = "DEBUG $(inherited)";
				SWIFT_OPTIMIZATION_LEVEL = "-Onone";
			};
			name = Debug;
		};
		E9FBC6E52C859ABB00138A24 /* Release */ = {
			isa = XCBuildConfiguration;
			buildSettings = {
				ALWAYS_SEARCH_USER_PATHS = NO;
				ASSETCATALOG_COMPILER_GENERATE_SWIFT_ASSET_SYMBOL_EXTENSIONS = YES;
				CLANG_ANALYZER_NONNULL = YES;
				CLANG_ANALYZER_NUMBER_OBJECT_CONVERSION = YES_AGGRESSIVE;
				CLANG_CXX_LANGUAGE_STANDARD = "gnu++20";
				CLANG_ENABLE_MODULES = YES;
				CLANG_ENABLE_OBJC_ARC = YES;
				CLANG_ENABLE_OBJC_WEAK = YES;
				CLANG_WARN_BLOCK_CAPTURE_AUTORELEASING = YES;
				CLANG_WARN_BOOL_CONVERSION = YES;
				CLANG_WARN_COMMA = YES;
				CLANG_WARN_CONSTANT_CONVERSION = YES;
				CLANG_WARN_DEPRECATED_OBJC_IMPLEMENTATIONS = YES;
				CLANG_WARN_DIRECT_OBJC_ISA_USAGE = YES_ERROR;
				CLANG_WARN_DOCUMENTATION_COMMENTS = YES;
				CLANG_WARN_EMPTY_BODY = YES;
				CLANG_WARN_ENUM_CONVERSION = YES;
				CLANG_WARN_INFINITE_RECURSION = YES;
				CLANG_WARN_INT_CONVERSION = YES;
				CLANG_WARN_NON_LITERAL_NULL_CONVERSION = YES;
				CLANG_WARN_OBJC_IMPLICIT_RETAIN_SELF = YES;
				CLANG_WARN_OBJC_LITERAL_CONVERSION = YES;
				CLANG_WARN_OBJC_ROOT_CLASS = YES_ERROR;
				CLANG_WARN_QUOTED_INCLUDE_IN_FRAMEWORK_HEADER = YES;
				CLANG_WARN_RANGE_LOOP_ANALYSIS = YES;
				CLANG_WARN_STRICT_PROTOTYPES = YES;
				CLANG_WARN_SUSPICIOUS_MOVE = YES;
				CLANG_WARN_UNGUARDED_AVAILABILITY = YES_AGGRESSIVE;
				CLANG_WARN_UNREACHABLE_CODE = YES;
				CLANG_WARN__DUPLICATE_METHOD_MATCH = YES;
				COPY_PHASE_STRIP = NO;
				DEBUG_INFORMATION_FORMAT = "dwarf-with-dsym";
				ENABLE_NS_ASSERTIONS = NO;
				ENABLE_STRICT_OBJC_MSGSEND = YES;
				ENABLE_USER_SCRIPT_SANDBOXING = YES;
				GCC_C_LANGUAGE_STANDARD = gnu17;
				GCC_NO_COMMON_BLOCKS = YES;
				GCC_WARN_64_TO_32_BIT_CONVERSION = YES;
				GCC_WARN_ABOUT_RETURN_TYPE = YES_ERROR;
				GCC_WARN_UNDECLARED_SELECTOR = YES;
				GCC_WARN_UNINITIALIZED_AUTOS = YES_AGGRESSIVE;
				GCC_WARN_UNUSED_FUNCTION = YES;
				GCC_WARN_UNUSED_VARIABLE = YES;
				IPHONEOS_DEPLOYMENT_TARGET = 17.2;
				LOCALIZATION_PREFERS_STRING_CATALOGS = YES;
				MTL_ENABLE_DEBUG_INFO = NO;
				MTL_FAST_MATH = YES;
				SDKROOT = iphoneos;
				SWIFT_COMPILATION_MODE = wholemodule;
				VALIDATE_PRODUCT = YES;
			};
			name = Release;
		};
		E9FBC6E72C859ABB00138A24 /* Debug */ = {
			isa = XCBuildConfiguration;
			buildSettings = {
				ASSETCATALOG_COMPILER_APPICON_NAME = AppIcon;
				ASSETCATALOG_COMPILER_GLOBAL_ACCENT_COLOR_NAME = AccentColor;
				CODE_SIGN_STYLE = Automatic;
				CURRENT_PROJECT_VERSION = 1;
				DEVELOPMENT_ASSET_PATHS = "\"SwiftUI_Practice/Preview Content\"";
				DEVELOPMENT_TEAM = 88Z4VX6L8N;
				ENABLE_PREVIEWS = YES;
				GENERATE_INFOPLIST_FILE = YES;
				INFOPLIST_KEY_UIApplicationSceneManifest_Generation = YES;
				INFOPLIST_KEY_UIApplicationSupportsIndirectInputEvents = YES;
				INFOPLIST_KEY_UILaunchScreen_Generation = YES;
				INFOPLIST_KEY_UISupportedInterfaceOrientations_iPad = "UIInterfaceOrientationPortrait UIInterfaceOrientationPortraitUpsideDown UIInterfaceOrientationLandscapeLeft UIInterfaceOrientationLandscapeRight";
				INFOPLIST_KEY_UISupportedInterfaceOrientations_iPhone = "UIInterfaceOrientationPortrait UIInterfaceOrientationLandscapeLeft UIInterfaceOrientationLandscapeRight";
				LD_RUNPATH_SEARCH_PATHS = (
					"$(inherited)",
					"@executable_path/Frameworks",
				);
				MARKETING_VERSION = 1.0;
				PRODUCT_BUNDLE_IDENTIFIER = "com.dlksd.SwiftUI-Practice";
				PRODUCT_NAME = "$(TARGET_NAME)";
				SWIFT_EMIT_LOC_STRINGS = YES;
				SWIFT_VERSION = 5.0;
				TARGETED_DEVICE_FAMILY = "1,2";
			};
			name = Debug;
		};
		E9FBC6E82C859ABB00138A24 /* Release */ = {
			isa = XCBuildConfiguration;
			buildSettings = {
				ASSETCATALOG_COMPILER_APPICON_NAME = AppIcon;
				ASSETCATALOG_COMPILER_GLOBAL_ACCENT_COLOR_NAME = AccentColor;
				CODE_SIGN_STYLE = Automatic;
				CURRENT_PROJECT_VERSION = 1;
				DEVELOPMENT_ASSET_PATHS = "\"SwiftUI_Practice/Preview Content\"";
				DEVELOPMENT_TEAM = 88Z4VX6L8N;
				ENABLE_PREVIEWS = YES;
				GENERATE_INFOPLIST_FILE = YES;
				INFOPLIST_KEY_UIApplicationSceneManifest_Generation = YES;
				INFOPLIST_KEY_UIApplicationSupportsIndirectInputEvents = YES;
				INFOPLIST_KEY_UILaunchScreen_Generation = YES;
				INFOPLIST_KEY_UISupportedInterfaceOrientations_iPad = "UIInterfaceOrientationPortrait UIInterfaceOrientationPortraitUpsideDown UIInterfaceOrientationLandscapeLeft UIInterfaceOrientationLandscapeRight";
				INFOPLIST_KEY_UISupportedInterfaceOrientations_iPhone = "UIInterfaceOrientationPortrait UIInterfaceOrientationLandscapeLeft UIInterfaceOrientationLandscapeRight";
				LD_RUNPATH_SEARCH_PATHS = (
					"$(inherited)",
					"@executable_path/Frameworks",
				);
				MARKETING_VERSION = 1.0;
				PRODUCT_BUNDLE_IDENTIFIER = "com.dlksd.SwiftUI-Practice";
				PRODUCT_NAME = "$(TARGET_NAME)";
				SWIFT_EMIT_LOC_STRINGS = YES;
				SWIFT_VERSION = 5.0;
				TARGETED_DEVICE_FAMILY = "1,2";
			};
			name = Release;
		};
		E9FBC6EA2C859ABB00138A24 /* Debug */ = {
			isa = XCBuildConfiguration;
			buildSettings = {
				ALWAYS_EMBED_SWIFT_STANDARD_LIBRARIES = YES;
				BUNDLE_LOADER = "$(TEST_HOST)";
				CODE_SIGN_STYLE = Automatic;
				CURRENT_PROJECT_VERSION = 1;
				DEVELOPMENT_TEAM = 88Z4VX6L8N;
				GENERATE_INFOPLIST_FILE = YES;
				IPHONEOS_DEPLOYMENT_TARGET = 17.2;
				MARKETING_VERSION = 1.0;
				PRODUCT_BUNDLE_IDENTIFIER = "com.dlksd.SwiftUI-PracticeTests";
				PRODUCT_NAME = "$(TARGET_NAME)";
				SWIFT_EMIT_LOC_STRINGS = NO;
				SWIFT_VERSION = 5.0;
				TARGETED_DEVICE_FAMILY = "1,2";
				TEST_HOST = "$(BUILT_PRODUCTS_DIR)/SwiftUI_Practice.app/$(BUNDLE_EXECUTABLE_FOLDER_PATH)/SwiftUI_Practice";
			};
			name = Debug;
		};
		E9FBC6EB2C859ABB00138A24 /* Release */ = {
			isa = XCBuildConfiguration;
			buildSettings = {
				ALWAYS_EMBED_SWIFT_STANDARD_LIBRARIES = YES;
				BUNDLE_LOADER = "$(TEST_HOST)";
				CODE_SIGN_STYLE = Automatic;
				CURRENT_PROJECT_VERSION = 1;
				DEVELOPMENT_TEAM = 88Z4VX6L8N;
				GENERATE_INFOPLIST_FILE = YES;
				IPHONEOS_DEPLOYMENT_TARGET = 17.2;
				MARKETING_VERSION = 1.0;
				PRODUCT_BUNDLE_IDENTIFIER = "com.dlksd.SwiftUI-PracticeTests";
				PRODUCT_NAME = "$(TARGET_NAME)";
				SWIFT_EMIT_LOC_STRINGS = NO;
				SWIFT_VERSION = 5.0;
				TARGETED_DEVICE_FAMILY = "1,2";
				TEST_HOST = "$(BUILT_PRODUCTS_DIR)/SwiftUI_Practice.app/$(BUNDLE_EXECUTABLE_FOLDER_PATH)/SwiftUI_Practice";
			};
			name = Release;
		};
		E9FBC6ED2C859ABB00138A24 /* Debug */ = {
			isa = XCBuildConfiguration;
			buildSettings = {
				ALWAYS_EMBED_SWIFT_STANDARD_LIBRARIES = YES;
				CODE_SIGN_STYLE = Automatic;
				CURRENT_PROJECT_VERSION = 1;
				DEVELOPMENT_TEAM = 88Z4VX6L8N;
				GENERATE_INFOPLIST_FILE = YES;
				MARKETING_VERSION = 1.0;
				PRODUCT_BUNDLE_IDENTIFIER = "com.dlksd.SwiftUI-PracticeUITests";
				PRODUCT_NAME = "$(TARGET_NAME)";
				SWIFT_EMIT_LOC_STRINGS = NO;
				SWIFT_VERSION = 5.0;
				TARGETED_DEVICE_FAMILY = "1,2";
				TEST_TARGET_NAME = SwiftUI_Practice;
			};
			name = Debug;
		};
		E9FBC6EE2C859ABB00138A24 /* Release */ = {
			isa = XCBuildConfiguration;
			buildSettings = {
				ALWAYS_EMBED_SWIFT_STANDARD_LIBRARIES = YES;
				CODE_SIGN_STYLE = Automatic;
				CURRENT_PROJECT_VERSION = 1;
				DEVELOPMENT_TEAM = 88Z4VX6L8N;
				GENERATE_INFOPLIST_FILE = YES;
				MARKETING_VERSION = 1.0;
				PRODUCT_BUNDLE_IDENTIFIER = "com.dlksd.SwiftUI-PracticeUITests";
				PRODUCT_NAME = "$(TARGET_NAME)";
				SWIFT_EMIT_LOC_STRINGS = NO;
				SWIFT_VERSION = 5.0;
				TARGETED_DEVICE_FAMILY = "1,2";
				TEST_TARGET_NAME = SwiftUI_Practice;
			};
			name = Release;
		};
/* End XCBuildConfiguration section */

/* Begin XCConfigurationList section */
		E9FBC6BD2C859AB900138A24 /* Build configuration list for PBXProject "SwiftUI_Practice" */ = {
			isa = XCConfigurationList;
			buildConfigurations = (
				E9FBC6E42C859ABB00138A24 /* Debug */,
				E9FBC6E52C859ABB00138A24 /* Release */,
			);
			defaultConfigurationIsVisible = 0;
			defaultConfigurationName = Release;
		};
		E9FBC6E62C859ABB00138A24 /* Build configuration list for PBXNativeTarget "SwiftUI_Practice" */ = {
			isa = XCConfigurationList;
			buildConfigurations = (
				E9FBC6E72C859ABB00138A24 /* Debug */,
				E9FBC6E82C859ABB00138A24 /* Release */,
			);
			defaultConfigurationIsVisible = 0;
			defaultConfigurationName = Release;
		};
		E9FBC6E92C859ABB00138A24 /* Build configuration list for PBXNativeTarget "SwiftUI_PracticeTests" */ = {
			isa = XCConfigurationList;
			buildConfigurations = (
				E9FBC6EA2C859ABB00138A24 /* Debug */,
				E9FBC6EB2C859ABB00138A24 /* Release */,
			);
			defaultConfigurationIsVisible = 0;
			defaultConfigurationName = Release;
		};
		E9FBC6EC2C859ABB00138A24 /* Build configuration list for PBXNativeTarget "SwiftUI_PracticeUITests" */ = {
			isa = XCConfigurationList;
			buildConfigurations = (
				E9FBC6ED2C859ABB00138A24 /* Debug */,
				E9FBC6EE2C859ABB00138A24 /* Release */,
			);
			defaultConfigurationIsVisible = 0;
			defaultConfigurationName = Release;
		};
/* End XCConfigurationList section */
	};
	rootObject = E9FBC6BA2C859AB900138A24 /* Project object */;
}
